
Microsoft Visual Studio Solution File, Format Version 12.00
# Visual Studio Version 17
VisualStudioVersion = 17.7.34003.232
MinimumVisualStudioVersion = 10.0.40219.1
Project("{FAE04EC0-301F-11D3-BF4B-00C04F79EFBC}") = "GastosApi", "GastosApi\GastosApi.csproj", "{A656BC0A-BFA4-4834-8F38-915154418285}"
EndProject
Global
	GlobalSection(SolutionConfigurationPlatforms) = preSolution
		Debug|Any CPU = Debug|Any CPU
		Release|Any CPU = Release|Any CPU
	EndGlobalSection
	GlobalSection(ProjectConfigurationPlatforms) = postSolution
		{A656BC0A-BFA4-4834-8F38-915154418285}.Debug|Any CPU.ActiveCfg = Debug|Any CPU
		{A656BC0A-BFA4-4834-8F38-915154418285}.Debug|Any CPU.Build.0 = Debug|Any CPU
		{A656BC0A-BFA4-4834-8F38-915154418285}.Release|Any CPU.ActiveCfg = Release|Any CPU
		{A656BC0A-BFA4-4834-8F38-915154418285}.Release|Any CPU.Build.0 = Release|Any CPU
	EndGlobalSection
	GlobalSection(SolutionProperties) = preSolution
		HideSolutionNode = FALSE
	EndGlobalSection
	GlobalSection(ExtensibilityGlobals) = postSolution
		SolutionGuid = {A5DFD4D1-D0A5-422F-82EB-035CB8F76715}
	EndGlobalSection
EndGlobal
